
Microsoft Visual Studio Solution File, Format Version 12.00
# Visual Studio Version 17
VisualStudioVersion = 17.14.36429.23 d17.14
MinimumVisualStudioVersion = 10.0.40219.1
Project("{8BC9CEB8-8B4A-11D0-8D11-00A0C91BC942}") = "p4185", "p4185\p4185.vcxproj", "{B2169C8D-8A55-4279-AC66-388E216C2ACF}"
EndProject
Global
	GlobalSection(SolutionConfigurationPlatforms) = preSolution
		Debug|x64 = Debug|x64
		Debug|x86 = Debug|x86
		Release|x64 = Release|x64
		Release|x86 = Release|x86
	EndGlobalSection
	GlobalSection(ProjectConfigurationPlatforms) = postSolution
		{B2169C8D-8A55-4279-AC66-388E216C2ACF}.Debug|x64.ActiveCfg = Debug|x64
		{B2169C8D-8A55-4279-AC66-388E216C2ACF}.Debug|x64.Build.0 = Debug|x64
		{B2169C8D-8A55-4279-AC66-388E216C2ACF}.Debug|x86.ActiveCfg = Debug|Win32
		{B2169C8D-8A55-4279-AC66-388E216C2ACF}.Debug|x86.Build.0 = Debug|Win32
		{B2169C8D-8A55-4279-AC66-388E216C2ACF}.Release|x64.ActiveCfg = Release|x64
		{B2169C8D-8A55-4279-AC66-388E216C2ACF}.Release|x64.Build.0 = Release|x64
		{B2169C8D-8A55-4279-AC66-388E216C2ACF}.Release|x86.ActiveCfg = Release|Win32
		{B2169C8D-8A55-4279-AC66-388E216C2ACF}.Release|x86.Build.0 = Release|Win32
	EndGlobalSection
	GlobalSection(SolutionProperties) = preSolution
		HideSolutionNode = FALSE
	EndGlobalSection
	GlobalSection(ExtensibilityGlobals) = postSolution
		SolutionGuid = {542AE832-238C-43B3-A016-394BE7A1ADC6}
	EndGlobalSection
EndGlobal
